// !$*UTF8*$!
{
	archiveVersion = 1;
	classes = {
	};
	objectVersion = 46;
	objects = {

/* Begin PBXBuildFile section */
		B6C6D5560BC6437A8E4F8580 /* libPods.a in Frameworks */ = {isa = PBXBuildFile; fileRef = 560131D4F5D140EA8458D149 /* libPods.a */; };
		C9290C301947D104008AE4DE /* TokenSerializationTests.swift in Sources */ = {isa = PBXBuildFile; fileRef = C9290C2F1947D104008AE4DE /* TokenSerializationTests.swift */; };
		C93A2501196AF8E900F86892 /* OTPGenerator.m in Sources */ = {isa = PBXBuildFile; fileRef = C93A24F5196AF8E900F86892 /* OTPGenerator.m */; };
		C93A2503196AF8E900F86892 /* OTPPersistence.m in Sources */ = {isa = PBXBuildFile; fileRef = C93A24F7196AF8E900F86892 /* OTPPersistence.m */; };
		C93A2508196AF8E900F86892 /* OTPTypes.h in Headers */ = {isa = PBXBuildFile; fileRef = C93A24FC196AF8E900F86892 /* OTPTypes.h */; settings = {ATTRIBUTES = (Public, ); }; };
		C93A2516196AFE1100F86892 /* OTPTokenGenerationTests.m in Sources */ = {isa = PBXBuildFile; fileRef = C93A2513196AFE1100F86892 /* OTPTokenGenerationTests.m */; };
		C93A2517196AFE1100F86892 /* OTPTokenPersistenceTests.m in Sources */ = {isa = PBXBuildFile; fileRef = C93A2514196AFE1100F86892 /* OTPTokenPersistenceTests.m */; };
		C93A2518196AFE1100F86892 /* OTPTokenSerializationTests.m in Sources */ = {isa = PBXBuildFile; fileRef = C93A2515196AFE1100F86892 /* OTPTokenSerializationTests.m */; };
		C93A251A196B1BA400F86892 /* Token.swift in Sources */ = {isa = PBXBuildFile; fileRef = C93A2519196B1BA400F86892 /* Token.swift */; };
		C95B10CC196D22B9000840AA /* TokenGenerationTests.swift in Sources */ = {isa = PBXBuildFile; fileRef = C95B10CB196D22B9000840AA /* TokenGenerationTests.swift */; };
		C96A4D85196E887F009FCB83 /* OTPSecurity.h in Headers */ = {isa = PBXBuildFile; fileRef = C96A4D83196E887F009FCB83 /* OTPSecurity.h */; };
		C96A4D86196E887F009FCB83 /* OTPSecurity.m in Sources */ = {isa = PBXBuildFile; fileRef = C96A4D84196E887F009FCB83 /* OTPSecurity.m */; };
		C97C823E1946E51D00FD9F4C /* OneTimePassword.h in Headers */ = {isa = PBXBuildFile; fileRef = C97C823D1946E51D00FD9F4C /* OneTimePassword.h */; settings = {ATTRIBUTES = (Public, ); }; };
		C97C82441946E51D00FD9F4C /* OneTimePassword.framework in Frameworks */ = {isa = PBXBuildFile; fileRef = C97C82381946E51D00FD9F4C /* OneTimePassword.framework */; };
		C9A486AE196F352E00524F51 /* OneTimePasswordLegacy.h in Headers */ = {isa = PBXBuildFile; fileRef = C9A486AD196F352E00524F51 /* OneTimePasswordLegacy.h */; settings = {ATTRIBUTES = (Public, ); }; };
		C9A486B4196F352F00524F51 /* OneTimePasswordLegacy.framework in Frameworks */ = {isa = PBXBuildFile; fileRef = C9A486A9196F352E00524F51 /* OneTimePasswordLegacy.framework */; };
		C9C9FE21196D175B00C7ACEE /* NSString+PercentEncoding.m in Sources */ = {isa = PBXBuildFile; fileRef = C9C9FE1E196D175B00C7ACEE /* NSString+PercentEncoding.m */; };
		C9C9FE22196D175B00C7ACEE /* NSDictionary+QueryString.m in Sources */ = {isa = PBXBuildFile; fileRef = C9C9FE20196D175B00C7ACEE /* NSDictionary+QueryString.m */; };
		C9C9FE26196D181800C7ACEE /* OTPTypeStrings.m in Sources */ = {isa = PBXBuildFile; fileRef = C9C9FE25196D181800C7ACEE /* OTPTypeStrings.m */; };
		C9DC7EC4196BD5DF00B50C82 /* Token+Serialization.swift in Sources */ = {isa = PBXBuildFile; fileRef = C9DC7EC3196BD5DF00B50C82 /* Token+Serialization.swift */; };
		C9DC7EC8196BDF3B00B50C82 /* Token+Generation.swift in Sources */ = {isa = PBXBuildFile; fileRef = C9DC7EC7196BDF3B00B50C82 /* Token+Generation.swift */; };
		C9DC7ECD196C4D3D00B50C82 /* OTPToken.swift in Sources */ = {isa = PBXBuildFile; fileRef = C9DC7ECC196C4D3D00B50C82 /* OTPToken.swift */; };
		C9F5981B196E3E48002E4D0E /* Token+Persistence.swift in Sources */ = {isa = PBXBuildFile; fileRef = C9F5981A196E3E48002E4D0E /* Token+Persistence.swift */; };
/* End PBXBuildFile section */

/* Begin PBXContainerItemProxy section */
		C97C82451946E51D00FD9F4C /* PBXContainerItemProxy */ = {
			isa = PBXContainerItemProxy;
			containerPortal = C97C822F1946E51D00FD9F4C /* Project object */;
			proxyType = 1;
			remoteGlobalIDString = C97C82371946E51D00FD9F4C;
			remoteInfo = OneTimePassword;
		};
		C9A486B5196F352F00524F51 /* PBXContainerItemProxy */ = {
			isa = PBXContainerItemProxy;
			containerPortal = C97C822F1946E51D00FD9F4C /* Project object */;
			proxyType = 1;
			remoteGlobalIDString = C9A486A8196F352E00524F51;
			remoteInfo = OneTimePasswordLegacy;
		};
		C9A486C2196F353000524F51 /* PBXContainerItemProxy */ = {
			isa = PBXContainerItemProxy;
			containerPortal = C97C822F1946E51D00FD9F4C /* Project object */;
			proxyType = 1;
			remoteGlobalIDString = C9A486A8196F352E00524F51;
			remoteInfo = OneTimePasswordLegacy;
		};
/* End PBXContainerItemProxy section */

/* Begin PBXFileReference section */
		560131D4F5D140EA8458D149 /* libPods.a */ = {isa = PBXFileReference; explicitFileType = archive.ar; includeInIndex = 0; path = libPods.a; sourceTree = BUILT_PRODUCTS_DIR; };
		C9290C2F1947D104008AE4DE /* TokenSerializationTests.swift */ = {isa = PBXFileReference; fileEncoding = 4; lastKnownFileType = sourcecode.swift; path = TokenSerializationTests.swift; sourceTree = "<group>"; };
		C9377D40196B93F900D6C67E /* OneTimePassword-Bridging-Header.h */ = {isa = PBXFileReference; lastKnownFileType = sourcecode.c.h; path = "OneTimePassword-Bridging-Header.h"; sourceTree = "<group>"; };
		C93A24F4196AF8E900F86892 /* OTPGenerator.h */ = {isa = PBXFileReference; fileEncoding = 4; lastKnownFileType = sourcecode.c.h; path = OTPGenerator.h; sourceTree = "<group>"; };
		C93A24F5196AF8E900F86892 /* OTPGenerator.m */ = {isa = PBXFileReference; fileEncoding = 4; lastKnownFileType = sourcecode.c.objc; path = OTPGenerator.m; sourceTree = "<group>"; };
		C93A24F6196AF8E900F86892 /* OTPPersistence.h */ = {isa = PBXFileReference; fileEncoding = 4; lastKnownFileType = sourcecode.c.h; path = OTPPersistence.h; sourceTree = "<group>"; };
		C93A24F7196AF8E900F86892 /* OTPPersistence.m */ = {isa = PBXFileReference; fileEncoding = 4; lastKnownFileType = sourcecode.c.objc; path = OTPPersistence.m; sourceTree = "<group>"; };
		C93A24FC196AF8E900F86892 /* OTPTypes.h */ = {isa = PBXFileReference; fileEncoding = 4; lastKnownFileType = sourcecode.c.h; path = OTPTypes.h; sourceTree = "<group>"; };
		C93A2513196AFE1100F86892 /* OTPTokenGenerationTests.m */ = {isa = PBXFileReference; fileEncoding = 4; lastKnownFileType = sourcecode.c.objc; path = OTPTokenGenerationTests.m; sourceTree = "<group>"; };
		C93A2514196AFE1100F86892 /* OTPTokenPersistenceTests.m */ = {isa = PBXFileReference; fileEncoding = 4; lastKnownFileType = sourcecode.c.objc; path = OTPTokenPersistenceTests.m; sourceTree = "<group>"; };
		C93A2515196AFE1100F86892 /* OTPTokenSerializationTests.m */ = {isa = PBXFileReference; fileEncoding = 4; lastKnownFileType = sourcecode.c.objc; path = OTPTokenSerializationTests.m; sourceTree = "<group>"; };
		C93A2519196B1BA400F86892 /* Token.swift */ = {isa = PBXFileReference; fileEncoding = 4; lastKnownFileType = sourcecode.swift; path = Token.swift; sourceTree = "<group>"; };
		C95B10CB196D22B9000840AA /* TokenGenerationTests.swift */ = {isa = PBXFileReference; fileEncoding = 4; lastKnownFileType = sourcecode.swift; path = TokenGenerationTests.swift; sourceTree = "<group>"; };
		C96A4D83196E887F009FCB83 /* OTPSecurity.h */ = {isa = PBXFileReference; fileEncoding = 4; lastKnownFileType = sourcecode.c.h; path = OTPSecurity.h; sourceTree = "<group>"; };
		C96A4D84196E887F009FCB83 /* OTPSecurity.m */ = {isa = PBXFileReference; fileEncoding = 4; lastKnownFileType = sourcecode.c.objc; path = OTPSecurity.m; sourceTree = "<group>"; };
		C97C82381946E51D00FD9F4C /* OneTimePassword.framework */ = {isa = PBXFileReference; explicitFileType = wrapper.framework; includeInIndex = 0; path = OneTimePassword.framework; sourceTree = BUILT_PRODUCTS_DIR; };
		C97C823C1946E51D00FD9F4C /* Info.plist */ = {isa = PBXFileReference; lastKnownFileType = text.plist.xml; path = Info.plist; sourceTree = "<group>"; };
		C97C823D1946E51D00FD9F4C /* OneTimePassword.h */ = {isa = PBXFileReference; lastKnownFileType = sourcecode.c.h; path = OneTimePassword.h; sourceTree = "<group>"; };
		C97C82431946E51D00FD9F4C /* OneTimePasswordTests.xctest */ = {isa = PBXFileReference; explicitFileType = wrapper.cfbundle; includeInIndex = 0; path = OneTimePasswordTests.xctest; sourceTree = BUILT_PRODUCTS_DIR; };
		C97C82491946E51D00FD9F4C /* Info.plist */ = {isa = PBXFileReference; lastKnownFileType = text.plist.xml; path = Info.plist; sourceTree = "<group>"; };
		C9A486A9196F352E00524F51 /* OneTimePasswordLegacy.framework */ = {isa = PBXFileReference; explicitFileType = wrapper.framework; includeInIndex = 0; path = OneTimePasswordLegacy.framework; sourceTree = BUILT_PRODUCTS_DIR; };
		C9A486AC196F352E00524F51 /* Info.plist */ = {isa = PBXFileReference; lastKnownFileType = text.plist.xml; path = Info.plist; sourceTree = "<group>"; };
		C9A486AD196F352E00524F51 /* OneTimePasswordLegacy.h */ = {isa = PBXFileReference; lastKnownFileType = sourcecode.c.h; path = OneTimePasswordLegacy.h; sourceTree = "<group>"; };
		C9A486B3196F352E00524F51 /* OneTimePasswordLegacyTests.xctest */ = {isa = PBXFileReference; explicitFileType = wrapper.cfbundle; includeInIndex = 0; path = OneTimePasswordLegacyTests.xctest; sourceTree = BUILT_PRODUCTS_DIR; };
		C9A486B9196F352F00524F51 /* Info.plist */ = {isa = PBXFileReference; lastKnownFileType = text.plist.xml; path = Info.plist; sourceTree = "<group>"; };
		C9C9FE1D196D175B00C7ACEE /* NSString+PercentEncoding.h */ = {isa = PBXFileReference; fileEncoding = 4; lastKnownFileType = sourcecode.c.h; path = "NSString+PercentEncoding.h"; sourceTree = "<group>"; };
		C9C9FE1E196D175B00C7ACEE /* NSString+PercentEncoding.m */ = {isa = PBXFileReference; fileEncoding = 4; lastKnownFileType = sourcecode.c.objc; path = "NSString+PercentEncoding.m"; sourceTree = "<group>"; };
		C9C9FE1F196D175B00C7ACEE /* NSDictionary+QueryString.h */ = {isa = PBXFileReference; fileEncoding = 4; lastKnownFileType = sourcecode.c.h; path = "NSDictionary+QueryString.h"; sourceTree = "<group>"; };
		C9C9FE20196D175B00C7ACEE /* NSDictionary+QueryString.m */ = {isa = PBXFileReference; fileEncoding = 4; lastKnownFileType = sourcecode.c.objc; path = "NSDictionary+QueryString.m"; sourceTree = "<group>"; };
		C9C9FE24196D181800C7ACEE /* OTPTypeStrings.h */ = {isa = PBXFileReference; fileEncoding = 4; lastKnownFileType = sourcecode.c.h; path = OTPTypeStrings.h; sourceTree = "<group>"; };
		C9C9FE25196D181800C7ACEE /* OTPTypeStrings.m */ = {isa = PBXFileReference; fileEncoding = 4; lastKnownFileType = sourcecode.c.objc; path = OTPTypeStrings.m; sourceTree = "<group>"; };
		C9DC7EC3196BD5DF00B50C82 /* Token+Serialization.swift */ = {isa = PBXFileReference; fileEncoding = 4; lastKnownFileType = sourcecode.swift; path = "Token+Serialization.swift"; sourceTree = "<group>"; };
		C9DC7EC7196BDF3B00B50C82 /* Token+Generation.swift */ = {isa = PBXFileReference; fileEncoding = 4; lastKnownFileType = sourcecode.swift; path = "Token+Generation.swift"; sourceTree = "<group>"; };
		C9DC7ECC196C4D3D00B50C82 /* OTPToken.swift */ = {isa = PBXFileReference; fileEncoding = 4; lastKnownFileType = sourcecode.swift; name = OTPToken.swift; path = ../OTPToken.swift; sourceTree = "<group>"; };
		C9F5981A196E3E48002E4D0E /* Token+Persistence.swift */ = {isa = PBXFileReference; fileEncoding = 4; lastKnownFileType = sourcecode.swift; path = "Token+Persistence.swift"; sourceTree = "<group>"; };
		CA0307BA64104BFF93EB7509 /* Pods.xcconfig */ = {isa = PBXFileReference; includeInIndex = 1; lastKnownFileType = text.xcconfig; name = Pods.xcconfig; path = Pods/Pods.xcconfig; sourceTree = "<group>"; };
/* End PBXFileReference section */

/* Begin PBXFrameworksBuildPhase section */
		C97C82341946E51D00FD9F4C /* Frameworks */ = {
			isa = PBXFrameworksBuildPhase;
			buildActionMask = 2147483647;
			files = (
				B6C6D5560BC6437A8E4F8580 /* libPods.a in Frameworks */,
			);
			runOnlyForDeploymentPostprocessing = 0;
		};
		C97C82401946E51D00FD9F4C /* Frameworks */ = {
			isa = PBXFrameworksBuildPhase;
			buildActionMask = 2147483647;
			files = (
				C97C82441946E51D00FD9F4C /* OneTimePassword.framework in Frameworks */,
			);
			runOnlyForDeploymentPostprocessing = 0;
		};
		C9A486A5196F352E00524F51 /* Frameworks */ = {
			isa = PBXFrameworksBuildPhase;
			buildActionMask = 2147483647;
			files = (
			);
			runOnlyForDeploymentPostprocessing = 0;
		};
		C9A486B0196F352E00524F51 /* Frameworks */ = {
			isa = PBXFrameworksBuildPhase;
			buildActionMask = 2147483647;
			files = (
				C9A486B4196F352F00524F51 /* OneTimePasswordLegacy.framework in Frameworks */,
			);
			runOnlyForDeploymentPostprocessing = 0;
		};
/* End PBXFrameworksBuildPhase section */

/* Begin PBXGroup section */
		746E7166AD60449882DD84C7 /* Frameworks */ = {
			isa = PBXGroup;
			children = (
				CA0307BA64104BFF93EB7509 /* Pods.xcconfig */,
				560131D4F5D140EA8458D149 /* libPods.a */,
			);
			name = Frameworks;
			sourceTree = "<group>";
		};
		C93A24F1196AF8E900F86892 /* Legacy */ = {
			isa = PBXGroup;
			children = (
				C93A24FC196AF8E900F86892 /* OTPTypes.h */,
				C9DC7ECC196C4D3D00B50C82 /* OTPToken.swift */,
			);
			path = Legacy;
			sourceTree = "<group>";
		};
		C93A2512196AFE1100F86892 /* Legacy */ = {
			isa = PBXGroup;
			children = (
				C93A2513196AFE1100F86892 /* OTPTokenGenerationTests.m */,
				C93A2514196AFE1100F86892 /* OTPTokenPersistenceTests.m */,
				C93A2515196AFE1100F86892 /* OTPTokenSerializationTests.m */,
				C9C9FE23196D176300C7ACEE /* Helpers */,
			);
			path = Legacy;
			sourceTree = "<group>";
		};
		C97C822E1946E51D00FD9F4C = {
			isa = PBXGroup;
			children = (
				C97C823A1946E51D00FD9F4C /* OneTimePassword */,
				C97C82471946E51D00FD9F4C /* OneTimePasswordTests */,
				C9A486AA196F352E00524F51 /* OneTimePasswordLegacy */,
				C9A486B7196F352F00524F51 /* OneTimePasswordLegacyTests */,
				746E7166AD60449882DD84C7 /* Frameworks */,
				C97C82391946E51D00FD9F4C /* Products */,
			);
			sourceTree = "<group>";
		};
		C97C82391946E51D00FD9F4C /* Products */ = {
			isa = PBXGroup;
			children = (
				C97C82381946E51D00FD9F4C /* OneTimePassword.framework */,
				C97C82431946E51D00FD9F4C /* OneTimePasswordTests.xctest */,
				C9A486A9196F352E00524F51 /* OneTimePasswordLegacy.framework */,
				C9A486B3196F352E00524F51 /* OneTimePasswordLegacyTests.xctest */,
			);
			name = Products;
			sourceTree = "<group>";
		};
		C97C823A1946E51D00FD9F4C /* OneTimePassword */ = {
			isa = PBXGroup;
			children = (
				C97C823D1946E51D00FD9F4C /* OneTimePassword.h */,
				C93A2519196B1BA400F86892 /* Token.swift */,
				C9DC7EC7196BDF3B00B50C82 /* Token+Generation.swift */,
				C9DC7EC3196BD5DF00B50C82 /* Token+Serialization.swift */,
				C9F5981A196E3E48002E4D0E /* Token+Persistence.swift */,
				C9F5981C196E6AD3002E4D0E /* Helpers */,
				C93A24F1196AF8E900F86892 /* Legacy */,
				C97C823B1946E51D00FD9F4C /* Supporting Files */,
			);
			path = OneTimePassword;
			sourceTree = "<group>";
		};
		C97C823B1946E51D00FD9F4C /* Supporting Files */ = {
			isa = PBXGroup;
			children = (
				C97C823C1946E51D00FD9F4C /* Info.plist */,
			);
			name = "Supporting Files";
			sourceTree = "<group>";
		};
		C97C82471946E51D00FD9F4C /* OneTimePasswordTests */ = {
			isa = PBXGroup;
			children = (
				C93A2512196AFE1100F86892 /* Legacy */,
				C95B10CB196D22B9000840AA /* TokenGenerationTests.swift */,
				C9290C2F1947D104008AE4DE /* TokenSerializationTests.swift */,
				C97C82481946E51D00FD9F4C /* Supporting Files */,
			);
			path = OneTimePasswordTests;
			sourceTree = "<group>";
		};
		C97C82481946E51D00FD9F4C /* Supporting Files */ = {
			isa = PBXGroup;
			children = (
				C97C82491946E51D00FD9F4C /* Info.plist */,
			);
			name = "Supporting Files";
			sourceTree = "<group>";
		};
		C9A486AA196F352E00524F51 /* OneTimePasswordLegacy */ = {
			isa = PBXGroup;
			children = (
				C9A486AD196F352E00524F51 /* OneTimePasswordLegacy.h */,
				C9A486AB196F352E00524F51 /* Supporting Files */,
			);
			path = OneTimePasswordLegacy;
			sourceTree = "<group>";
		};
		C9A486AB196F352E00524F51 /* Supporting Files */ = {
			isa = PBXGroup;
			children = (
				C9A486AC196F352E00524F51 /* Info.plist */,
			);
			name = "Supporting Files";
			sourceTree = "<group>";
		};
		C9A486B7196F352F00524F51 /* OneTimePasswordLegacyTests */ = {
			isa = PBXGroup;
			children = (
				C9A486B8196F352F00524F51 /* Supporting Files */,
			);
			path = OneTimePasswordLegacyTests;
			sourceTree = "<group>";
		};
		C9A486B8196F352F00524F51 /* Supporting Files */ = {
			isa = PBXGroup;
			children = (
				C9A486B9196F352F00524F51 /* Info.plist */,
			);
			name = "Supporting Files";
			sourceTree = "<group>";
		};
		C9C9FE23196D176300C7ACEE /* Helpers */ = {
			isa = PBXGroup;
			children = (
				C9C9FE24196D181800C7ACEE /* OTPTypeStrings.h */,
				C9C9FE25196D181800C7ACEE /* OTPTypeStrings.m */,
				C9C9FE1F196D175B00C7ACEE /* NSDictionary+QueryString.h */,
				C9C9FE20196D175B00C7ACEE /* NSDictionary+QueryString.m */,
				C9C9FE1D196D175B00C7ACEE /* NSString+PercentEncoding.h */,
				C9C9FE1E196D175B00C7ACEE /* NSString+PercentEncoding.m */,
			);
			name = Helpers;
			sourceTree = "<group>";
		};
		C9F5981C196E6AD3002E4D0E /* Helpers */ = {
			isa = PBXGroup;
			children = (
				C9377D40196B93F900D6C67E /* OneTimePassword-Bridging-Header.h */,
				C93A24F6196AF8E900F86892 /* OTPPersistence.h */,
				C93A24F7196AF8E900F86892 /* OTPPersistence.m */,
				C96A4D83196E887F009FCB83 /* OTPSecurity.h */,
				C96A4D84196E887F009FCB83 /* OTPSecurity.m */,
				C93A24F4196AF8E900F86892 /* OTPGenerator.h */,
				C93A24F5196AF8E900F86892 /* OTPGenerator.m */,
			);
			name = Helpers;
			path = Legacy;
			sourceTree = "<group>";
		};
/* End PBXGroup section */

/* Begin PBXHeadersBuildPhase section */
		C97C82351946E51D00FD9F4C /* Headers */ = {
			isa = PBXHeadersBuildPhase;
			buildActionMask = 2147483647;
			files = (
				C97C823E1946E51D00FD9F4C /* OneTimePassword.h in Headers */,
				C93A2508196AF8E900F86892 /* OTPTypes.h in Headers */,
				C96A4D85196E887F009FCB83 /* OTPSecurity.h in Headers */,
			);
			runOnlyForDeploymentPostprocessing = 0;
		};
		C9A486A6196F352E00524F51 /* Headers */ = {
			isa = PBXHeadersBuildPhase;
			buildActionMask = 2147483647;
			files = (
				C9A486AE196F352E00524F51 /* OneTimePasswordLegacy.h in Headers */,
			);
			runOnlyForDeploymentPostprocessing = 0;
		};
/* End PBXHeadersBuildPhase section */

/* Begin PBXNativeTarget section */
		C97C82371946E51D00FD9F4C /* OneTimePassword */ = {
			isa = PBXNativeTarget;
			buildConfigurationList = C97C824E1946E51D00FD9F4C /* Build configuration list for PBXNativeTarget "OneTimePassword" */;
			buildPhases = (
				D546BD042EBE4EDF9F8F7C62 /* Check Pods Manifest.lock */,
				C97C82331946E51D00FD9F4C /* Sources */,
				C97C82341946E51D00FD9F4C /* Frameworks */,
				C97C82351946E51D00FD9F4C /* Headers */,
				C97C82361946E51D00FD9F4C /* Resources */,
				4601C67B1F6043A68DEEBDF9 /* Copy Pods Resources */,
			);
			buildRules = (
			);
			dependencies = (
			);
			name = OneTimePassword;
			productName = OneTimePassword;
			productReference = C97C82381946E51D00FD9F4C /* OneTimePassword.framework */;
			productType = "com.apple.product-type.framework";
		};
		C97C82421946E51D00FD9F4C /* OneTimePasswordTests */ = {
			isa = PBXNativeTarget;
			buildConfigurationList = C97C82511946E51D00FD9F4C /* Build configuration list for PBXNativeTarget "OneTimePasswordTests" */;
			buildPhases = (
				C97C823F1946E51D00FD9F4C /* Sources */,
				C97C82401946E51D00FD9F4C /* Frameworks */,
				C97C82411946E51D00FD9F4C /* Resources */,
			);
			buildRules = (
			);
			dependencies = (
				C97C82461946E51D00FD9F4C /* PBXTargetDependency */,
			);
			name = OneTimePasswordTests;
			productName = OneTimePasswordTests;
			productReference = C97C82431946E51D00FD9F4C /* OneTimePasswordTests.xctest */;
			productType = "com.apple.product-type.bundle.unit-test";
		};
		C9A486A8196F352E00524F51 /* OneTimePasswordLegacy */ = {
			isa = PBXNativeTarget;
			buildConfigurationList = C9A486C0196F352F00524F51 /* Build configuration list for PBXNativeTarget "OneTimePasswordLegacy" */;
			buildPhases = (
				C9A486A4196F352E00524F51 /* Sources */,
				C9A486A5196F352E00524F51 /* Frameworks */,
				C9A486A6196F352E00524F51 /* Headers */,
				C9A486A7196F352E00524F51 /* Resources */,
			);
			buildRules = (
			);
			dependencies = (
			);
			name = OneTimePasswordLegacy;
			productName = OneTimePasswordLegacy;
			productReference = C9A486A9196F352E00524F51 /* OneTimePasswordLegacy.framework */;
			productType = "com.apple.product-type.framework";
		};
		C9A486B2196F352E00524F51 /* OneTimePasswordLegacyTests */ = {
			isa = PBXNativeTarget;
			buildConfigurationList = C9A486C1196F352F00524F51 /* Build configuration list for PBXNativeTarget "OneTimePasswordLegacyTests" */;
			buildPhases = (
				C9A486AF196F352E00524F51 /* Sources */,
				C9A486B0196F352E00524F51 /* Frameworks */,
				C9A486B1196F352E00524F51 /* Resources */,
			);
			buildRules = (
			);
			dependencies = (
				C9A486B6196F352F00524F51 /* PBXTargetDependency */,
				C9A486C3196F353000524F51 /* PBXTargetDependency */,
			);
			name = OneTimePasswordLegacyTests;
			productName = OneTimePasswordLegacyTests;
			productReference = C9A486B3196F352E00524F51 /* OneTimePasswordLegacyTests.xctest */;
			productType = "com.apple.product-type.bundle.unit-test";
		};
/* End PBXNativeTarget section */

/* Begin PBXProject section */
		C97C822F1946E51D00FD9F4C /* Project object */ = {
			isa = PBXProject;
			attributes = {
				LastUpgradeCheck = 0600;
				ORGANIZATIONNAME = "Matt Rubin";
				TargetAttributes = {
					C97C82371946E51D00FD9F4C = {
						CreatedOnToolsVersion = 6.0;
					};
					C97C82421946E51D00FD9F4C = {
						CreatedOnToolsVersion = 6.0;
						TestTargetID = C97C82371946E51D00FD9F4C;
					};
					C9A486A8196F352E00524F51 = {
						CreatedOnToolsVersion = 6.0;
					};
					C9A486B2196F352E00524F51 = {
						CreatedOnToolsVersion = 6.0;
						TestTargetID = C9A486A8196F352E00524F51;
					};
				};
			};
			buildConfigurationList = C97C82321946E51D00FD9F4C /* Build configuration list for PBXProject "OneTimePassword" */;
			compatibilityVersion = "Xcode 3.2";
			developmentRegion = English;
			hasScannedForEncodings = 0;
			knownRegions = (
				en,
			);
			mainGroup = C97C822E1946E51D00FD9F4C;
			productRefGroup = C97C82391946E51D00FD9F4C /* Products */;
			projectDirPath = "";
			projectRoot = "";
			targets = (
				C97C82371946E51D00FD9F4C /* OneTimePassword */,
				C97C82421946E51D00FD9F4C /* OneTimePasswordTests */,
				C9A486A8196F352E00524F51 /* OneTimePasswordLegacy */,
				C9A486B2196F352E00524F51 /* OneTimePasswordLegacyTests */,
			);
		};
/* End PBXProject section */

/* Begin PBXResourcesBuildPhase section */
		C97C82361946E51D00FD9F4C /* Resources */ = {
			isa = PBXResourcesBuildPhase;
			buildActionMask = 2147483647;
			files = (
			);
			runOnlyForDeploymentPostprocessing = 0;
		};
		C97C82411946E51D00FD9F4C /* Resources */ = {
			isa = PBXResourcesBuildPhase;
			buildActionMask = 2147483647;
			files = (
			);
			runOnlyForDeploymentPostprocessing = 0;
		};
		C9A486A7196F352E00524F51 /* Resources */ = {
			isa = PBXResourcesBuildPhase;
			buildActionMask = 2147483647;
			files = (
			);
			runOnlyForDeploymentPostprocessing = 0;
		};
		C9A486B1196F352E00524F51 /* Resources */ = {
			isa = PBXResourcesBuildPhase;
			buildActionMask = 2147483647;
			files = (
			);
			runOnlyForDeploymentPostprocessing = 0;
		};
/* End PBXResourcesBuildPhase section */

/* Begin PBXShellScriptBuildPhase section */
		4601C67B1F6043A68DEEBDF9 /* Copy Pods Resources */ = {
			isa = PBXShellScriptBuildPhase;
			buildActionMask = 2147483647;
			files = (
			);
			inputPaths = (
			);
			name = "Copy Pods Resources";
			outputPaths = (
			);
			runOnlyForDeploymentPostprocessing = 0;
			shellPath = /bin/sh;
			shellScript = "\"${SRCROOT}/Pods/Pods-resources.sh\"\n";
			showEnvVarsInLog = 0;
		};
		D546BD042EBE4EDF9F8F7C62 /* Check Pods Manifest.lock */ = {
			isa = PBXShellScriptBuildPhase;
			buildActionMask = 2147483647;
			files = (
			);
			inputPaths = (
			);
			name = "Check Pods Manifest.lock";
			outputPaths = (
			);
			runOnlyForDeploymentPostprocessing = 0;
			shellPath = /bin/sh;
			shellScript = "diff \"${PODS_ROOT}/../Podfile.lock\" \"${PODS_ROOT}/Manifest.lock\" > /dev/null\nif [[ $? != 0 ]] ; then\n    cat << EOM\nerror: The sandbox is not in sync with the Podfile.lock. Run 'pod install' or update your CocoaPods installation.\nEOM\n    exit 1\nfi\n";
			showEnvVarsInLog = 0;
		};
/* End PBXShellScriptBuildPhase section */

/* Begin PBXSourcesBuildPhase section */
		C97C82331946E51D00FD9F4C /* Sources */ = {
			isa = PBXSourcesBuildPhase;
			buildActionMask = 2147483647;
			files = (
				C93A251A196B1BA400F86892 /* Token.swift in Sources */,
				C9DC7EC8196BDF3B00B50C82 /* Token+Generation.swift in Sources */,
				C9DC7ECD196C4D3D00B50C82 /* OTPToken.swift in Sources */,
				C96A4D86196E887F009FCB83 /* OTPSecurity.m in Sources */,
				C9F5981B196E3E48002E4D0E /* Token+Persistence.swift in Sources */,
				C93A2501196AF8E900F86892 /* OTPGenerator.m in Sources */,
				C93A2503196AF8E900F86892 /* OTPPersistence.m in Sources */,
				C9DC7EC4196BD5DF00B50C82 /* Token+Serialization.swift in Sources */,
			);
			runOnlyForDeploymentPostprocessing = 0;
		};
		C97C823F1946E51D00FD9F4C /* Sources */ = {
			isa = PBXSourcesBuildPhase;
			buildActionMask = 2147483647;
			files = (
				C9C9FE21196D175B00C7ACEE /* NSString+PercentEncoding.m in Sources */,
				C93A2516196AFE1100F86892 /* OTPTokenGenerationTests.m in Sources */,
				C9C9FE26196D181800C7ACEE /* OTPTypeStrings.m in Sources */,
				C93A2517196AFE1100F86892 /* OTPTokenPersistenceTests.m in Sources */,
				C93A2518196AFE1100F86892 /* OTPTokenSerializationTests.m in Sources */,
				C9C9FE22196D175B00C7ACEE /* NSDictionary+QueryString.m in Sources */,
				C95B10CC196D22B9000840AA /* TokenGenerationTests.swift in Sources */,
				C9290C301947D104008AE4DE /* TokenSerializationTests.swift in Sources */,
			);
			runOnlyForDeploymentPostprocessing = 0;
		};
		C9A486A4196F352E00524F51 /* Sources */ = {
			isa = PBXSourcesBuildPhase;
			buildActionMask = 2147483647;
			files = (
			);
			runOnlyForDeploymentPostprocessing = 0;
		};
		C9A486AF196F352E00524F51 /* Sources */ = {
			isa = PBXSourcesBuildPhase;
			buildActionMask = 2147483647;
			files = (
			);
			runOnlyForDeploymentPostprocessing = 0;
		};
/* End PBXSourcesBuildPhase section */

/* Begin PBXTargetDependency section */
		C97C82461946E51D00FD9F4C /* PBXTargetDependency */ = {
			isa = PBXTargetDependency;
			target = C97C82371946E51D00FD9F4C /* OneTimePassword */;
			targetProxy = C97C82451946E51D00FD9F4C /* PBXContainerItemProxy */;
		};
		C9A486B6196F352F00524F51 /* PBXTargetDependency */ = {
			isa = PBXTargetDependency;
			target = C9A486A8196F352E00524F51 /* OneTimePasswordLegacy */;
			targetProxy = C9A486B5196F352F00524F51 /* PBXContainerItemProxy */;
		};
		C9A486C3196F353000524F51 /* PBXTargetDependency */ = {
			isa = PBXTargetDependency;
			target = C9A486A8196F352E00524F51 /* OneTimePasswordLegacy */;
			targetProxy = C9A486C2196F353000524F51 /* PBXContainerItemProxy */;
		};
/* End PBXTargetDependency section */

/* Begin XCBuildConfiguration section */
		C97C824C1946E51D00FD9F4C /* Debug */ = {
			isa = XCBuildConfiguration;
			buildSettings = {
				ALWAYS_SEARCH_USER_PATHS = NO;
				CLANG_ENABLE_MODULES = YES;
				CLANG_ENABLE_OBJC_ARC = YES;
				CLANG_WARN_BOOL_CONVERSION = YES;
				CLANG_WARN_CONSTANT_CONVERSION = YES;
				CLANG_WARN_DIRECT_OBJC_ISA_USAGE = YES_ERROR;
				CLANG_WARN_EMPTY_BODY = YES;
				CLANG_WARN_ENUM_CONVERSION = YES;
				CLANG_WARN_INT_CONVERSION = YES;
				CLANG_WARN_OBJC_ROOT_CLASS = YES_ERROR;
				CLANG_WARN_UNREACHABLE_CODE = YES;
				CLANG_WARN__DUPLICATE_METHOD_MATCH = YES;
				COPY_PHASE_STRIP = NO;
				CURRENT_PROJECT_VERSION = 1;
				ENABLE_STRICT_OBJC_MSGSEND = YES;
				GCC_DYNAMIC_NO_PIC = NO;
				GCC_OPTIMIZATION_LEVEL = 0;
				GCC_SYMBOLS_PRIVATE_EXTERN = NO;
				GCC_WARN_64_TO_32_BIT_CONVERSION = YES;
				GCC_WARN_ABOUT_RETURN_TYPE = YES_ERROR;
				GCC_WARN_UNDECLARED_SELECTOR = YES;
				GCC_WARN_UNINITIALIZED_AUTOS = YES_AGGRESSIVE;
				GCC_WARN_UNUSED_FUNCTION = YES;
				GCC_WARN_UNUSED_VARIABLE = YES;
				IPHONEOS_DEPLOYMENT_TARGET = 8.0;
				ONLY_ACTIVE_ARCH = YES;
				SDKROOT = iphoneos;
				SWIFT_OPTIMIZATION_LEVEL = "-Onone";
				TARGETED_DEVICE_FAMILY = "1,2";
				VERSIONING_SYSTEM = "apple-generic";
			};
			name = Debug;
		};
		C97C824D1946E51D00FD9F4C /* Release */ = {
			isa = XCBuildConfiguration;
			buildSettings = {
				ALWAYS_SEARCH_USER_PATHS = NO;
				CLANG_ENABLE_MODULES = YES;
				CLANG_ENABLE_OBJC_ARC = YES;
				CLANG_WARN_BOOL_CONVERSION = YES;
				CLANG_WARN_CONSTANT_CONVERSION = YES;
				CLANG_WARN_DIRECT_OBJC_ISA_USAGE = YES_ERROR;
				CLANG_WARN_EMPTY_BODY = YES;
				CLANG_WARN_ENUM_CONVERSION = YES;
				CLANG_WARN_INT_CONVERSION = YES;
				CLANG_WARN_OBJC_ROOT_CLASS = YES_ERROR;
				CLANG_WARN_UNREACHABLE_CODE = YES;
				CLANG_WARN__DUPLICATE_METHOD_MATCH = YES;
				COPY_PHASE_STRIP = YES;
				CURRENT_PROJECT_VERSION = 1;
				ENABLE_NS_ASSERTIONS = NO;
				ENABLE_STRICT_OBJC_MSGSEND = YES;
				GCC_WARN_64_TO_32_BIT_CONVERSION = YES;
				GCC_WARN_ABOUT_RETURN_TYPE = YES_ERROR;
				GCC_WARN_UNDECLARED_SELECTOR = YES;
				GCC_WARN_UNINITIALIZED_AUTOS = YES_AGGRESSIVE;
				GCC_WARN_UNUSED_FUNCTION = YES;
				GCC_WARN_UNUSED_VARIABLE = YES;
				IPHONEOS_DEPLOYMENT_TARGET = 8.0;
				SDKROOT = iphoneos;
				TARGETED_DEVICE_FAMILY = "1,2";
				VALIDATE_PRODUCT = YES;
				VERSIONING_SYSTEM = "apple-generic";
			};
			name = Release;
		};
		C97C824F1946E51D00FD9F4C /* Debug */ = {
			isa = XCBuildConfiguration;
			baseConfigurationReference = CA0307BA64104BFF93EB7509 /* Pods.xcconfig */;
			buildSettings = {
				DEFINES_MODULE = YES;
				DYLIB_COMPATIBILITY_VERSION = 1;
				DYLIB_CURRENT_VERSION = 1;
				DYLIB_INSTALL_NAME_BASE = "@rpath";
				INFOPLIST_FILE = OneTimePassword/Info.plist;
				LD_RUNPATH_SEARCH_PATHS = "$(inherited) @executable_path/Frameworks @loader_path/Frameworks";
				PRODUCT_NAME = "$(TARGET_NAME)";
				SKIP_INSTALL = YES;
				SWIFT_OBJC_BRIDGING_HEADER = "OneTimePassword/Legacy/OneTimePassword-Bridging-Header.h";
			};
			name = Debug;
		};
		C97C82501946E51D00FD9F4C /* Release */ = {
			isa = XCBuildConfiguration;
			baseConfigurationReference = CA0307BA64104BFF93EB7509 /* Pods.xcconfig */;
			buildSettings = {
				DEFINES_MODULE = YES;
				DYLIB_COMPATIBILITY_VERSION = 1;
				DYLIB_CURRENT_VERSION = 1;
				DYLIB_INSTALL_NAME_BASE = "@rpath";
				INFOPLIST_FILE = OneTimePassword/Info.plist;
				LD_RUNPATH_SEARCH_PATHS = "$(inherited) @executable_path/Frameworks @loader_path/Frameworks";
				PRODUCT_NAME = "$(TARGET_NAME)";
				SKIP_INSTALL = YES;
				SWIFT_OBJC_BRIDGING_HEADER = "OneTimePassword/Legacy/OneTimePassword-Bridging-Header.h";
			};
			name = Release;
		};
		C97C82521946E51D00FD9F4C /* Debug */ = {
			isa = XCBuildConfiguration;
			baseConfigurationReference = CA0307BA64104BFF93EB7509 /* Pods.xcconfig */;
			buildSettings = {
				FRAMEWORK_SEARCH_PATHS = (
					"$(SDKROOT)/Developer/Library/Frameworks",
					"$(inherited)",
				);
				INFOPLIST_FILE = OneTimePasswordTests/Info.plist;
				LD_RUNPATH_SEARCH_PATHS = "$(inherited) @executable_path/Frameworks @loader_path/Frameworks";
				PRODUCT_NAME = "$(TARGET_NAME)";
			};
			name = Debug;
		};
		C97C82531946E51D00FD9F4C /* Release */ = {
			isa = XCBuildConfiguration;
			baseConfigurationReference = CA0307BA64104BFF93EB7509 /* Pods.xcconfig */;
			buildSettings = {
				FRAMEWORK_SEARCH_PATHS = (
					"$(SDKROOT)/Developer/Library/Frameworks",
					"$(inherited)",
				);
				INFOPLIST_FILE = OneTimePasswordTests/Info.plist;
				LD_RUNPATH_SEARCH_PATHS = "$(inherited) @executable_path/Frameworks @loader_path/Frameworks";
				PRODUCT_NAME = "$(TARGET_NAME)";
			};
			name = Release;
		};
		C9A486BC196F352F00524F51 /* Debug */ = {
			isa = XCBuildConfiguration;
			buildSettings = {
				DEFINES_MODULE = YES;
				DYLIB_COMPATIBILITY_VERSION = 1;
				DYLIB_CURRENT_VERSION = 1;
				DYLIB_INSTALL_NAME_BASE = "@rpath";
				INFOPLIST_FILE = OneTimePasswordLegacy/Info.plist;
				LD_RUNPATH_SEARCH_PATHS = "$(inherited) @executable_path/Frameworks @loader_path/Frameworks";
				PRODUCT_NAME = "$(TARGET_NAME)";
				SKIP_INSTALL = YES;
			};
			name = Debug;
		};
		C9A486BD196F352F00524F51 /* Release */ = {
			isa = XCBuildConfiguration;
			buildSettings = {
				DEFINES_MODULE = YES;
				DYLIB_COMPATIBILITY_VERSION = 1;
				DYLIB_CURRENT_VERSION = 1;
				DYLIB_INSTALL_NAME_BASE = "@rpath";
				INFOPLIST_FILE = OneTimePasswordLegacy/Info.plist;
				LD_RUNPATH_SEARCH_PATHS = "$(inherited) @executable_path/Frameworks @loader_path/Frameworks";
				PRODUCT_NAME = "$(TARGET_NAME)";
				SKIP_INSTALL = YES;
			};
			name = Release;
		};
		C9A486BE196F352F00524F51 /* Debug */ = {
			isa = XCBuildConfiguration;
			buildSettings = {
				CLANG_CXX_LANGUAGE_STANDARD = "gnu++0x";
				CLANG_CXX_LIBRARY = "libc++";
				FRAMEWORK_SEARCH_PATHS = (
					"$(SDKROOT)/Developer/Library/Frameworks",
					"$(inherited)",
				);
				GCC_C_LANGUAGE_STANDARD = gnu99;
				GCC_PREPROCESSOR_DEFINITIONS = (
					"DEBUG=1",
					"$(inherited)",
				);
				INFOPLIST_FILE = OneTimePasswordLegacyTests/Info.plist;
				LD_RUNPATH_SEARCH_PATHS = "$(inherited) @executable_path/Frameworks @loader_path/Frameworks";
				METAL_ENABLE_DEBUG_INFO = YES;
				PRODUCT_NAME = "$(TARGET_NAME)";
			};
			name = Debug;
		};
		C9A486BF196F352F00524F51 /* Release */ = {
			isa = XCBuildConfiguration;
			buildSettings = {
				CLANG_CXX_LANGUAGE_STANDARD = "gnu++0x";
				CLANG_CXX_LIBRARY = "libc++";
				FRAMEWORK_SEARCH_PATHS = (
					"$(SDKROOT)/Developer/Library/Frameworks",
					"$(inherited)",
				);
				GCC_C_LANGUAGE_STANDARD = gnu99;
				INFOPLIST_FILE = OneTimePasswordLegacyTests/Info.plist;
				LD_RUNPATH_SEARCH_PATHS = "$(inherited) @executable_path/Frameworks @loader_path/Frameworks";
				METAL_ENABLE_DEBUG_INFO = NO;
				PRODUCT_NAME = "$(TARGET_NAME)";
			};
			name = Release;
		};
/* End XCBuildConfiguration section */

/* Begin XCConfigurationList section */
		C97C82321946E51D00FD9F4C /* Build configuration list for PBXProject "OneTimePassword" */ = {
			isa = XCConfigurationList;
			buildConfigurations = (
				C97C824C1946E51D00FD9F4C /* Debug */,
				C97C824D1946E51D00FD9F4C /* Release */,
			);
			defaultConfigurationIsVisible = 0;
			defaultConfigurationName = Release;
		};
		C97C824E1946E51D00FD9F4C /* Build configuration list for PBXNativeTarget "OneTimePassword" */ = {
			isa = XCConfigurationList;
			buildConfigurations = (
				C97C824F1946E51D00FD9F4C /* Debug */,
				C97C82501946E51D00FD9F4C /* Release */,
			);
			defaultConfigurationIsVisible = 0;
			defaultConfigurationName = Release;
		};
		C97C82511946E51D00FD9F4C /* Build configuration list for PBXNativeTarget "OneTimePasswordTests" */ = {
			isa = XCConfigurationList;
			buildConfigurations = (
				C97C82521946E51D00FD9F4C /* Debug */,
				C97C82531946E51D00FD9F4C /* Release */,
			);
			defaultConfigurationIsVisible = 0;
			defaultConfigurationName = Release;
		};
		C9A486C0196F352F00524F51 /* Build configuration list for PBXNativeTarget "OneTimePasswordLegacy" */ = {
			isa = XCConfigurationList;
			buildConfigurations = (
				C9A486BC196F352F00524F51 /* Debug */,
				C9A486BD196F352F00524F51 /* Release */,
			);
			defaultConfigurationIsVisible = 0;
		};
		C9A486C1196F352F00524F51 /* Build configuration list for PBXNativeTarget "OneTimePasswordLegacyTests" */ = {
			isa = XCConfigurationList;
			buildConfigurations = (
				C9A486BE196F352F00524F51 /* Debug */,
				C9A486BF196F352F00524F51 /* Release */,
			);
			defaultConfigurationIsVisible = 0;
		};
/* End XCConfigurationList section */
	};
	rootObject = C97C822F1946E51D00FD9F4C /* Project object */;
}
