// !$*UTF8*$!
{
	archiveVersion = 1;
	classes = {
	};
	objectVersion = 46;
	objects = {

/* Begin PBXBuildFile section */
		C9003418196F7046009733E8 /* Keychain.swift in Sources */ = {isa = PBXBuildFile; fileRef = C9003417196F7046009733E8 /* Keychain.swift */; };
		C9290C301947D104008AE4DE /* TokenSerializationTests.swift in Sources */ = {isa = PBXBuildFile; fileRef = C9290C2F1947D104008AE4DE /* TokenSerializationTests.swift */; };
		C9307A8519A8515300609B02 /* TokenSerializer.swift in Sources */ = {isa = PBXBuildFile; fileRef = C9307A8419A8515300609B02 /* TokenSerializer.swift */; };
		C93A251A196B1BA400F86892 /* Token.swift in Sources */ = {isa = PBXBuildFile; fileRef = C93A2519196B1BA400F86892 /* Token.swift */; };
		C944A55F1A7EDAE200E08B1E /* Base32.framework in Frameworks */ = {isa = PBXBuildFile; fileRef = C944A55E1A7EDAE200E08B1E /* Base32.framework */; };
		C944A5951A809CC000E08B1E /* OTPTokenTests.m in Sources */ = {isa = PBXBuildFile; fileRef = C944A5941A809CC000E08B1E /* OTPTokenTests.m */; };
		C94599CB19AB906300A77558 /* GeneratorFunctions.swift in Sources */ = {isa = PBXBuildFile; fileRef = C94599CA19AB906300A77558 /* GeneratorFunctions.swift */; };
		C94B2007197774A20014A202 /* TokenTests.swift in Sources */ = {isa = PBXBuildFile; fileRef = C94B2006197774A20014A202 /* TokenTests.swift */; };
		C95B10CC196D22B9000840AA /* GeneratorTests.swift in Sources */ = {isa = PBXBuildFile; fileRef = C95B10CB196D22B9000840AA /* GeneratorTests.swift */; };
		C97C82441946E51D00FD9F4C /* OneTimePassword.framework in Frameworks */ = {isa = PBXBuildFile; fileRef = C97C82381946E51D00FD9F4C /* OneTimePassword.framework */; };
		C9A486AE196F352E00524F51 /* OneTimePasswordLegacy.h in Headers */ = {isa = PBXBuildFile; fileRef = C9A486AD196F352E00524F51 /* OneTimePasswordLegacy.h */; settings = {ATTRIBUTES = (Public, ); }; };
		C9A486B4196F352F00524F51 /* OneTimePasswordLegacy.framework in Frameworks */ = {isa = PBXBuildFile; fileRef = C9A486A9196F352E00524F51 /* OneTimePasswordLegacy.framework */; };
		C9A486C4196F36E100524F51 /* OTPToken.swift in Sources */ = {isa = PBXBuildFile; fileRef = C9DC7ECC196C4D3D00B50C82 /* OTPToken.swift */; };
		C9A486C6196F38C100524F51 /* OTPTokenGenerationTests.m in Sources */ = {isa = PBXBuildFile; fileRef = C93A2513196AFE1100F86892 /* OTPTokenGenerationTests.m */; };
		C9A486C7196F38C400524F51 /* OTPTokenPersistenceTests.m in Sources */ = {isa = PBXBuildFile; fileRef = C93A2514196AFE1100F86892 /* OTPTokenPersistenceTests.m */; };
		C9A486C8196F38C800524F51 /* OTPTokenSerializationTests.m in Sources */ = {isa = PBXBuildFile; fileRef = C93A2515196AFE1100F86892 /* OTPTokenSerializationTests.m */; };
		C9A486C9196F38CD00524F51 /* OTPTypeStrings.m in Sources */ = {isa = PBXBuildFile; fileRef = C9C9FE25196D181800C7ACEE /* OTPTypeStrings.m */; };
		C9A486CA196F38D100524F51 /* NSDictionary+QueryString.m in Sources */ = {isa = PBXBuildFile; fileRef = C9C9FE20196D175B00C7ACEE /* NSDictionary+QueryString.m */; };
		C9A486CB196F38D500524F51 /* NSString+PercentEncoding.m in Sources */ = {isa = PBXBuildFile; fileRef = C9C9FE1E196D175B00C7ACEE /* NSString+PercentEncoding.m */; };
		C9A486CC196F4BD100524F51 /* OTPTypes.h in Headers */ = {isa = PBXBuildFile; fileRef = C93A24FC196AF8E900F86892 /* OTPTypes.h */; settings = {ATTRIBUTES = (Public, ); }; };
		C9A9B0981A81CE5D00F3C4DC /* Conversion.swift in Sources */ = {isa = PBXBuildFile; fileRef = C9A9B0971A81CE5D00F3C4DC /* Conversion.swift */; };
		C9B2A19C199A7F1B00BC4A8A /* EquatableTests.swift in Sources */ = {isa = PBXBuildFile; fileRef = C9B2A19B199A7F1B00BC4A8A /* EquatableTests.swift */; };
		C9DC7EC4196BD5DF00B50C82 /* Token.URLSerializer.swift in Sources */ = {isa = PBXBuildFile; fileRef = C9DC7EC3196BD5DF00B50C82 /* Token.URLSerializer.swift */; };
		C9DC7EC8196BDF3B00B50C82 /* Generator.swift in Sources */ = {isa = PBXBuildFile; fileRef = C9DC7EC7196BDF3B00B50C82 /* Generator.swift */; };
		C9F5981B196E3E48002E4D0E /* TokenPersistence.swift in Sources */ = {isa = PBXBuildFile; fileRef = C9F5981A196E3E48002E4D0E /* TokenPersistence.swift */; };
/* End PBXBuildFile section */

/* Begin PBXContainerItemProxy section */
		C9003415196F6C83009733E8 /* PBXContainerItemProxy */ = {
			isa = PBXContainerItemProxy;
			containerPortal = C97C822F1946E51D00FD9F4C /* Project object */;
			proxyType = 1;
			remoteGlobalIDString = C97C82371946E51D00FD9F4C;
			remoteInfo = OneTimePassword;
		};
		C97C82451946E51D00FD9F4C /* PBXContainerItemProxy */ = {
			isa = PBXContainerItemProxy;
			containerPortal = C97C822F1946E51D00FD9F4C /* Project object */;
			proxyType = 1;
			remoteGlobalIDString = C97C82371946E51D00FD9F4C;
			remoteInfo = OneTimePassword;
		};
		C9A486B5196F352F00524F51 /* PBXContainerItemProxy */ = {
			isa = PBXContainerItemProxy;
			containerPortal = C97C822F1946E51D00FD9F4C /* Project object */;
			proxyType = 1;
			remoteGlobalIDString = C9A486A8196F352E00524F51;
			remoteInfo = OneTimePasswordLegacy;
		};
		C9A486C2196F353000524F51 /* PBXContainerItemProxy */ = {
			isa = PBXContainerItemProxy;
			containerPortal = C97C822F1946E51D00FD9F4C /* Project object */;
			proxyType = 1;
			remoteGlobalIDString = C9A486A8196F352E00524F51;
			remoteInfo = OneTimePasswordLegacy;
		};
/* End PBXContainerItemProxy section */

/* Begin PBXFileReference section */
		C9003417196F7046009733E8 /* Keychain.swift */ = {isa = PBXFileReference; fileEncoding = 4; lastKnownFileType = sourcecode.swift; path = Keychain.swift; sourceTree = "<group>"; };
		C9290C2F1947D104008AE4DE /* TokenSerializationTests.swift */ = {isa = PBXFileReference; fileEncoding = 4; lastKnownFileType = sourcecode.swift; path = TokenSerializationTests.swift; sourceTree = "<group>"; };
		C9307A8419A8515300609B02 /* TokenSerializer.swift */ = {isa = PBXFileReference; fileEncoding = 4; lastKnownFileType = sourcecode.swift; path = TokenSerializer.swift; sourceTree = "<group>"; };
		C9377D40196B93F900D6C67E /* OneTimePassword-Bridging-Header.h */ = {isa = PBXFileReference; lastKnownFileType = sourcecode.c.h; path = "OneTimePassword-Bridging-Header.h"; sourceTree = "<group>"; };
		C93A24FC196AF8E900F86892 /* OTPTypes.h */ = {isa = PBXFileReference; fileEncoding = 4; lastKnownFileType = sourcecode.c.h; path = OTPTypes.h; sourceTree = "<group>"; };
		C93A2513196AFE1100F86892 /* OTPTokenGenerationTests.m */ = {isa = PBXFileReference; fileEncoding = 4; lastKnownFileType = sourcecode.c.objc; path = OTPTokenGenerationTests.m; sourceTree = "<group>"; };
		C93A2514196AFE1100F86892 /* OTPTokenPersistenceTests.m */ = {isa = PBXFileReference; fileEncoding = 4; lastKnownFileType = sourcecode.c.objc; path = OTPTokenPersistenceTests.m; sourceTree = "<group>"; };
		C93A2515196AFE1100F86892 /* OTPTokenSerializationTests.m */ = {isa = PBXFileReference; fileEncoding = 4; lastKnownFileType = sourcecode.c.objc; path = OTPTokenSerializationTests.m; sourceTree = "<group>"; };
		C93A2519196B1BA400F86892 /* Token.swift */ = {isa = PBXFileReference; fileEncoding = 4; lastKnownFileType = sourcecode.swift; path = Token.swift; sourceTree = "<group>"; };
		C944A55E1A7EDAE200E08B1E /* Base32.framework */ = {isa = PBXFileReference; lastKnownFileType = wrapper.framework; path = Base32.framework; sourceTree = BUILT_PRODUCTS_DIR; };
		C944A5941A809CC000E08B1E /* OTPTokenTests.m */ = {isa = PBXFileReference; fileEncoding = 4; lastKnownFileType = sourcecode.c.objc; path = OTPTokenTests.m; sourceTree = "<group>"; };
		C94599CA19AB906300A77558 /* GeneratorFunctions.swift */ = {isa = PBXFileReference; fileEncoding = 4; lastKnownFileType = sourcecode.swift; path = GeneratorFunctions.swift; sourceTree = "<group>"; };
		C94B2006197774A20014A202 /* TokenTests.swift */ = {isa = PBXFileReference; fileEncoding = 4; lastKnownFileType = sourcecode.swift; path = TokenTests.swift; sourceTree = "<group>"; };
		C94B9BC81BD7270E0073D7C5 /* LICENSE.md */ = {isa = PBXFileReference; lastKnownFileType = net.daringfireball.markdown; path = LICENSE.md; sourceTree = "<group>"; };
		C94B9BC91BD727150073D7C5 /* README.md */ = {isa = PBXFileReference; lastKnownFileType = net.daringfireball.markdown; path = README.md; sourceTree = "<group>"; };
		C94B9BCA1BD7271E0073D7C5 /* AUTHORS */ = {isa = PBXFileReference; lastKnownFileType = text; path = AUTHORS; sourceTree = "<group>"; };
		C95B10CB196D22B9000840AA /* GeneratorTests.swift */ = {isa = PBXFileReference; fileEncoding = 4; lastKnownFileType = sourcecode.swift; path = GeneratorTests.swift; sourceTree = "<group>"; };
		C97C82381946E51D00FD9F4C /* OneTimePassword.framework */ = {isa = PBXFileReference; explicitFileType = wrapper.framework; includeInIndex = 0; path = OneTimePassword.framework; sourceTree = BUILT_PRODUCTS_DIR; };
		C97C823C1946E51D00FD9F4C /* Info.plist */ = {isa = PBXFileReference; lastKnownFileType = text.plist.xml; path = Info.plist; sourceTree = "<group>"; };
		C97C82431946E51D00FD9F4C /* OneTimePasswordTests.xctest */ = {isa = PBXFileReference; explicitFileType = wrapper.cfbundle; includeInIndex = 0; path = OneTimePasswordTests.xctest; sourceTree = BUILT_PRODUCTS_DIR; };
		C97C82491946E51D00FD9F4C /* Info.plist */ = {isa = PBXFileReference; lastKnownFileType = text.plist.xml; path = Info.plist; sourceTree = "<group>"; };
		C996EC2C1A74D5830076B105 /* Debug.xcconfig */ = {isa = PBXFileReference; lastKnownFileType = text.xcconfig; name = Debug.xcconfig; path = Configurations/Debug.xcconfig; sourceTree = "<group>"; };
		C996EC2D1A74D5830076B105 /* Profile.xcconfig */ = {isa = PBXFileReference; lastKnownFileType = text.xcconfig; name = Profile.xcconfig; path = Configurations/Profile.xcconfig; sourceTree = "<group>"; };
		C996EC2E1A74D5830076B105 /* Release.xcconfig */ = {isa = PBXFileReference; lastKnownFileType = text.xcconfig; name = Release.xcconfig; path = Configurations/Release.xcconfig; sourceTree = "<group>"; };
		C996EC2F1A74D5830076B105 /* Test.xcconfig */ = {isa = PBXFileReference; lastKnownFileType = text.xcconfig; name = Test.xcconfig; path = Configurations/Test.xcconfig; sourceTree = "<group>"; };
		C996EC351A74D5830076B105 /* iOS-Application.xcconfig */ = {isa = PBXFileReference; lastKnownFileType = text.xcconfig; path = "iOS-Application.xcconfig"; sourceTree = "<group>"; };
		C996EC371A74D5830076B105 /* iOS-Framework.xcconfig */ = {isa = PBXFileReference; lastKnownFileType = text.xcconfig; path = "iOS-Framework.xcconfig"; sourceTree = "<group>"; };
		C996EC381A74D5830076B105 /* iOS-StaticLibrary.xcconfig */ = {isa = PBXFileReference; lastKnownFileType = text.xcconfig; path = "iOS-StaticLibrary.xcconfig"; sourceTree = "<group>"; };
		C996EC3A1A74D5830076B105 /* Mac-Application.xcconfig */ = {isa = PBXFileReference; lastKnownFileType = text.xcconfig; path = "Mac-Application.xcconfig"; sourceTree = "<group>"; };
		C996EC3C1A74D5830076B105 /* Mac-DynamicLibrary.xcconfig */ = {isa = PBXFileReference; lastKnownFileType = text.xcconfig; path = "Mac-DynamicLibrary.xcconfig"; sourceTree = "<group>"; };
		C996EC3D1A74D5830076B105 /* Mac-Framework.xcconfig */ = {isa = PBXFileReference; lastKnownFileType = text.xcconfig; path = "Mac-Framework.xcconfig"; sourceTree = "<group>"; };
		C996EC3E1A74D5830076B105 /* Mac-StaticLibrary.xcconfig */ = {isa = PBXFileReference; lastKnownFileType = text.xcconfig; path = "Mac-StaticLibrary.xcconfig"; sourceTree = "<group>"; };
		C9A486A9196F352E00524F51 /* OneTimePasswordLegacy.framework */ = {isa = PBXFileReference; explicitFileType = wrapper.framework; includeInIndex = 0; path = OneTimePasswordLegacy.framework; sourceTree = BUILT_PRODUCTS_DIR; };
		C9A486AC196F352E00524F51 /* Info.plist */ = {isa = PBXFileReference; lastKnownFileType = text.plist.xml; path = Info.plist; sourceTree = "<group>"; };
		C9A486AD196F352E00524F51 /* OneTimePasswordLegacy.h */ = {isa = PBXFileReference; lastKnownFileType = sourcecode.c.h; path = OneTimePasswordLegacy.h; sourceTree = "<group>"; };
		C9A486B3196F352E00524F51 /* OneTimePasswordLegacyTests.xctest */ = {isa = PBXFileReference; explicitFileType = wrapper.cfbundle; includeInIndex = 0; path = OneTimePasswordLegacyTests.xctest; sourceTree = BUILT_PRODUCTS_DIR; };
		C9A486B9196F352F00524F51 /* Info.plist */ = {isa = PBXFileReference; lastKnownFileType = text.plist.xml; path = Info.plist; sourceTree = "<group>"; };
		C9A9B0971A81CE5D00F3C4DC /* Conversion.swift */ = {isa = PBXFileReference; fileEncoding = 4; lastKnownFileType = sourcecode.swift; path = Conversion.swift; sourceTree = "<group>"; };
		C9B2A19B199A7F1B00BC4A8A /* EquatableTests.swift */ = {isa = PBXFileReference; fileEncoding = 4; lastKnownFileType = sourcecode.swift; path = EquatableTests.swift; sourceTree = "<group>"; };
		C9C9FE1D196D175B00C7ACEE /* NSString+PercentEncoding.h */ = {isa = PBXFileReference; fileEncoding = 4; lastKnownFileType = sourcecode.c.h; path = "NSString+PercentEncoding.h"; sourceTree = "<group>"; };
		C9C9FE1E196D175B00C7ACEE /* NSString+PercentEncoding.m */ = {isa = PBXFileReference; fileEncoding = 4; lastKnownFileType = sourcecode.c.objc; path = "NSString+PercentEncoding.m"; sourceTree = "<group>"; };
		C9C9FE1F196D175B00C7ACEE /* NSDictionary+QueryString.h */ = {isa = PBXFileReference; fileEncoding = 4; lastKnownFileType = sourcecode.c.h; path = "NSDictionary+QueryString.h"; sourceTree = "<group>"; };
		C9C9FE20196D175B00C7ACEE /* NSDictionary+QueryString.m */ = {isa = PBXFileReference; fileEncoding = 4; lastKnownFileType = sourcecode.c.objc; path = "NSDictionary+QueryString.m"; sourceTree = "<group>"; };
		C9C9FE24196D181800C7ACEE /* OTPTypeStrings.h */ = {isa = PBXFileReference; fileEncoding = 4; lastKnownFileType = sourcecode.c.h; path = OTPTypeStrings.h; sourceTree = "<group>"; };
		C9C9FE25196D181800C7ACEE /* OTPTypeStrings.m */ = {isa = PBXFileReference; fileEncoding = 4; lastKnownFileType = sourcecode.c.objc; path = OTPTypeStrings.m; sourceTree = "<group>"; };
		C9DC7EC3196BD5DF00B50C82 /* Token.URLSerializer.swift */ = {isa = PBXFileReference; fileEncoding = 4; lastKnownFileType = sourcecode.swift; path = Token.URLSerializer.swift; sourceTree = "<group>"; };
		C9DC7EC7196BDF3B00B50C82 /* Generator.swift */ = {isa = PBXFileReference; fileEncoding = 4; lastKnownFileType = sourcecode.swift; path = Generator.swift; sourceTree = "<group>"; };
		C9DC7ECC196C4D3D00B50C82 /* OTPToken.swift */ = {isa = PBXFileReference; fileEncoding = 4; lastKnownFileType = sourcecode.swift; path = OTPToken.swift; sourceTree = "<group>"; };
		C9F5981A196E3E48002E4D0E /* TokenPersistence.swift */ = {isa = PBXFileReference; fileEncoding = 4; lastKnownFileType = sourcecode.swift; path = TokenPersistence.swift; sourceTree = "<group>"; };
/* End PBXFileReference section */

/* Begin PBXFrameworksBuildPhase section */
		C97C82341946E51D00FD9F4C /* Frameworks */ = {
			isa = PBXFrameworksBuildPhase;
			buildActionMask = 2147483647;
			files = (
				C944A55F1A7EDAE200E08B1E /* Base32.framework in Frameworks */,
			);
			runOnlyForDeploymentPostprocessing = 0;
		};
		C97C82401946E51D00FD9F4C /* Frameworks */ = {
			isa = PBXFrameworksBuildPhase;
			buildActionMask = 2147483647;
			files = (
				C97C82441946E51D00FD9F4C /* OneTimePassword.framework in Frameworks */,
			);
			runOnlyForDeploymentPostprocessing = 0;
		};
		C9A486A5196F352E00524F51 /* Frameworks */ = {
			isa = PBXFrameworksBuildPhase;
			buildActionMask = 2147483647;
			files = (
			);
			runOnlyForDeploymentPostprocessing = 0;
		};
		C9A486B0196F352E00524F51 /* Frameworks */ = {
			isa = PBXFrameworksBuildPhase;
			buildActionMask = 2147483647;
			files = (
				C9A486B4196F352F00524F51 /* OneTimePasswordLegacy.framework in Frameworks */,
			);
			runOnlyForDeploymentPostprocessing = 0;
		};
/* End PBXFrameworksBuildPhase section */

/* Begin PBXGroup section */
		746E7166AD60449882DD84C7 /* Frameworks */ = {
			isa = PBXGroup;
			children = (
				C944A55E1A7EDAE200E08B1E /* Base32.framework */,
			);
			name = Frameworks;
			sourceTree = "<group>";
		};
		C9307A8619A8522F00609B02 /* Serialization */ = {
			isa = PBXGroup;
			children = (
				C9307A8419A8515300609B02 /* TokenSerializer.swift */,
				C9DC7EC3196BD5DF00B50C82 /* Token.URLSerializer.swift */,
			);
			name = Serialization;
			sourceTree = "<group>";
		};
		C94B9BC71BD726F70073D7C5 /* Docs */ = {
			isa = PBXGroup;
			children = (
				C94B9BCA1BD7271E0073D7C5 /* AUTHORS */,
				C94B9BC81BD7270E0073D7C5 /* LICENSE.md */,
				C94B9BC91BD727150073D7C5 /* README.md */,
			);
			name = Docs;
			sourceTree = "<group>";
		};
		C97C822E1946E51D00FD9F4C = {
			isa = PBXGroup;
			children = (
				C97C823A1946E51D00FD9F4C /* OneTimePassword */,
				C97C82471946E51D00FD9F4C /* OneTimePasswordTests */,
				C9A486AA196F352E00524F51 /* OneTimePasswordLegacy */,
				C9A486B7196F352F00524F51 /* OneTimePasswordLegacyTests */,
				746E7166AD60449882DD84C7 /* Frameworks */,
				C996EC281A74D5830076B105 /* Configuration */,
				C97C82391946E51D00FD9F4C /* Products */,
				C94B9BC71BD726F70073D7C5 /* Docs */,
			);
			sourceTree = "<group>";
		};
		C97C82391946E51D00FD9F4C /* Products */ = {
			isa = PBXGroup;
			children = (
				C97C82381946E51D00FD9F4C /* OneTimePassword.framework */,
				C97C82431946E51D00FD9F4C /* OneTimePasswordTests.xctest */,
				C9A486A9196F352E00524F51 /* OneTimePasswordLegacy.framework */,
				C9A486B3196F352E00524F51 /* OneTimePasswordLegacyTests.xctest */,
			);
			name = Products;
			sourceTree = "<group>";
		};
		C97C823A1946E51D00FD9F4C /* OneTimePassword */ = {
			isa = PBXGroup;
			children = (
				C93A2519196B1BA400F86892 /* Token.swift */,
				C9A9B0991A81EF3100F3C4DC /* Generation */,
				C9307A8619A8522F00609B02 /* Serialization */,
				C9A9B09A1A81EF4B00F3C4DC /* Persistence */,
				C97C823B1946E51D00FD9F4C /* Supporting Files */,
			);
			path = OneTimePassword;
			sourceTree = "<group>";
		};
		C97C823B1946E51D00FD9F4C /* Supporting Files */ = {
			isa = PBXGroup;
			children = (
				C97C823C1946E51D00FD9F4C /* Info.plist */,
				C9377D40196B93F900D6C67E /* OneTimePassword-Bridging-Header.h */,
			);
			name = "Supporting Files";
			sourceTree = "<group>";
		};
		C97C82471946E51D00FD9F4C /* OneTimePasswordTests */ = {
			isa = PBXGroup;
			children = (
				C94B2006197774A20014A202 /* TokenTests.swift */,
				C95B10CB196D22B9000840AA /* GeneratorTests.swift */,
				C9290C2F1947D104008AE4DE /* TokenSerializationTests.swift */,
				C9B2A19B199A7F1B00BC4A8A /* EquatableTests.swift */,
				C97C82481946E51D00FD9F4C /* Supporting Files */,
			);
			path = OneTimePasswordTests;
			sourceTree = "<group>";
		};
		C97C82481946E51D00FD9F4C /* Supporting Files */ = {
			isa = PBXGroup;
			children = (
				C97C82491946E51D00FD9F4C /* Info.plist */,
			);
			name = "Supporting Files";
			sourceTree = "<group>";
		};
		C996EC281A74D5830076B105 /* Configuration */ = {
			isa = PBXGroup;
			children = (
				C996EC291A74D5830076B105 /* Base */,
				C996EC341A74D5830076B105 /* iOS */,
				C996EC391A74D5830076B105 /* Mac OS X */,
			);
			name = Configuration;
			path = Carthage/Checkouts/xcconfigs;
			sourceTree = "<group>";
		};
		C996EC291A74D5830076B105 /* Base */ = {
			isa = PBXGroup;
			children = (
				C996EC2C1A74D5830076B105 /* Debug.xcconfig */,
				C996EC2D1A74D5830076B105 /* Profile.xcconfig */,
				C996EC2E1A74D5830076B105 /* Release.xcconfig */,
				C996EC2F1A74D5830076B105 /* Test.xcconfig */,
			);
			path = Base;
			sourceTree = "<group>";
		};
		C996EC341A74D5830076B105 /* iOS */ = {
			isa = PBXGroup;
			children = (
				C996EC351A74D5830076B105 /* iOS-Application.xcconfig */,
				C996EC371A74D5830076B105 /* iOS-Framework.xcconfig */,
				C996EC381A74D5830076B105 /* iOS-StaticLibrary.xcconfig */,
			);
			path = iOS;
			sourceTree = "<group>";
		};
		C996EC391A74D5830076B105 /* Mac OS X */ = {
			isa = PBXGroup;
			children = (
				C996EC3A1A74D5830076B105 /* Mac-Application.xcconfig */,
				C996EC3C1A74D5830076B105 /* Mac-DynamicLibrary.xcconfig */,
				C996EC3D1A74D5830076B105 /* Mac-Framework.xcconfig */,
				C996EC3E1A74D5830076B105 /* Mac-StaticLibrary.xcconfig */,
			);
			path = "Mac OS X";
			sourceTree = "<group>";
		};
		C9A486AA196F352E00524F51 /* OneTimePasswordLegacy */ = {
			isa = PBXGroup;
			children = (
				C9A486AD196F352E00524F51 /* OneTimePasswordLegacy.h */,
				C93A24FC196AF8E900F86892 /* OTPTypes.h */,
				C9DC7ECC196C4D3D00B50C82 /* OTPToken.swift */,
				C9A9B0971A81CE5D00F3C4DC /* Conversion.swift */,
				C9A486AB196F352E00524F51 /* Supporting Files */,
			);
			path = OneTimePasswordLegacy;
			sourceTree = "<group>";
		};
		C9A486AB196F352E00524F51 /* Supporting Files */ = {
			isa = PBXGroup;
			children = (
				C9A486AC196F352E00524F51 /* Info.plist */,
			);
			name = "Supporting Files";
			sourceTree = "<group>";
		};
		C9A486B7196F352F00524F51 /* OneTimePasswordLegacyTests */ = {
			isa = PBXGroup;
			children = (
				C944A5941A809CC000E08B1E /* OTPTokenTests.m */,
				C93A2513196AFE1100F86892 /* OTPTokenGenerationTests.m */,
				C93A2514196AFE1100F86892 /* OTPTokenPersistenceTests.m */,
				C93A2515196AFE1100F86892 /* OTPTokenSerializationTests.m */,
				C9C9FE23196D176300C7ACEE /* Helpers */,
				C9A486B8196F352F00524F51 /* Supporting Files */,
			);
			path = OneTimePasswordLegacyTests;
			sourceTree = "<group>";
		};
		C9A486B8196F352F00524F51 /* Supporting Files */ = {
			isa = PBXGroup;
			children = (
				C9A486B9196F352F00524F51 /* Info.plist */,
			);
			name = "Supporting Files";
			sourceTree = "<group>";
		};
		C9A9B0991A81EF3100F3C4DC /* Generation */ = {
			isa = PBXGroup;
			children = (
				C9DC7EC7196BDF3B00B50C82 /* Generator.swift */,
				C94599CA19AB906300A77558 /* GeneratorFunctions.swift */,
			);
			name = Generation;
			sourceTree = "<group>";
		};
		C9A9B09A1A81EF4B00F3C4DC /* Persistence */ = {
			isa = PBXGroup;
			children = (
				C9F5981A196E3E48002E4D0E /* TokenPersistence.swift */,
				C9003417196F7046009733E8 /* Keychain.swift */,
			);
			name = Persistence;
			sourceTree = "<group>";
		};
		C9C9FE23196D176300C7ACEE /* Helpers */ = {
			isa = PBXGroup;
			children = (
				C9C9FE24196D181800C7ACEE /* OTPTypeStrings.h */,
				C9C9FE25196D181800C7ACEE /* OTPTypeStrings.m */,
				C9C9FE1F196D175B00C7ACEE /* NSDictionary+QueryString.h */,
				C9C9FE20196D175B00C7ACEE /* NSDictionary+QueryString.m */,
				C9C9FE1D196D175B00C7ACEE /* NSString+PercentEncoding.h */,
				C9C9FE1E196D175B00C7ACEE /* NSString+PercentEncoding.m */,
			);
			name = Helpers;
			sourceTree = "<group>";
		};
/* End PBXGroup section */

/* Begin PBXHeadersBuildPhase section */
		C97C82351946E51D00FD9F4C /* Headers */ = {
			isa = PBXHeadersBuildPhase;
			buildActionMask = 2147483647;
			files = (
			);
			runOnlyForDeploymentPostprocessing = 0;
		};
		C9A486A6196F352E00524F51 /* Headers */ = {
			isa = PBXHeadersBuildPhase;
			buildActionMask = 2147483647;
			files = (
				C9A486CC196F4BD100524F51 /* OTPTypes.h in Headers */,
				C9A486AE196F352E00524F51 /* OneTimePasswordLegacy.h in Headers */,
			);
			runOnlyForDeploymentPostprocessing = 0;
		};
/* End PBXHeadersBuildPhase section */

/* Begin PBXNativeTarget section */
		C97C82371946E51D00FD9F4C /* OneTimePassword */ = {
			isa = PBXNativeTarget;
			buildConfigurationList = C97C824E1946E51D00FD9F4C /* Build configuration list for PBXNativeTarget "OneTimePassword" */;
			buildPhases = (
				C97C82331946E51D00FD9F4C /* Sources */,
				C97C82341946E51D00FD9F4C /* Frameworks */,
				C97C82351946E51D00FD9F4C /* Headers */,
				C97C82361946E51D00FD9F4C /* Resources */,
			);
			buildRules = (
			);
			dependencies = (
			);
			name = OneTimePassword;
			productName = OneTimePassword;
			productReference = C97C82381946E51D00FD9F4C /* OneTimePassword.framework */;
			productType = "com.apple.product-type.framework";
		};
		C97C82421946E51D00FD9F4C /* OneTimePasswordTests */ = {
			isa = PBXNativeTarget;
			buildConfigurationList = C97C82511946E51D00FD9F4C /* Build configuration list for PBXNativeTarget "OneTimePasswordTests" */;
			buildPhases = (
				C97C823F1946E51D00FD9F4C /* Sources */,
				C97C82401946E51D00FD9F4C /* Frameworks */,
				C97C82411946E51D00FD9F4C /* Resources */,
			);
			buildRules = (
			);
			dependencies = (
				C97C82461946E51D00FD9F4C /* PBXTargetDependency */,
			);
			name = OneTimePasswordTests;
			productName = OneTimePasswordTests;
			productReference = C97C82431946E51D00FD9F4C /* OneTimePasswordTests.xctest */;
			productType = "com.apple.product-type.bundle.unit-test";
		};
		C9A486A8196F352E00524F51 /* OneTimePasswordLegacy */ = {
			isa = PBXNativeTarget;
			buildConfigurationList = C9A486C0196F352F00524F51 /* Build configuration list for PBXNativeTarget "OneTimePasswordLegacy" */;
			buildPhases = (
				C9A486A4196F352E00524F51 /* Sources */,
				C9A486A5196F352E00524F51 /* Frameworks */,
				C9A486A6196F352E00524F51 /* Headers */,
				C9A486A7196F352E00524F51 /* Resources */,
			);
			buildRules = (
			);
			dependencies = (
				C9003416196F6C83009733E8 /* PBXTargetDependency */,
			);
			name = OneTimePasswordLegacy;
			productName = OneTimePasswordLegacy;
			productReference = C9A486A9196F352E00524F51 /* OneTimePasswordLegacy.framework */;
			productType = "com.apple.product-type.framework";
		};
		C9A486B2196F352E00524F51 /* OneTimePasswordLegacyTests */ = {
			isa = PBXNativeTarget;
			buildConfigurationList = C9A486C1196F352F00524F51 /* Build configuration list for PBXNativeTarget "OneTimePasswordLegacyTests" */;
			buildPhases = (
				C9A486AF196F352E00524F51 /* Sources */,
				C9A486B0196F352E00524F51 /* Frameworks */,
				C9A486B1196F352E00524F51 /* Resources */,
			);
			buildRules = (
			);
			dependencies = (
				C9A486B6196F352F00524F51 /* PBXTargetDependency */,
				C9A486C3196F353000524F51 /* PBXTargetDependency */,
			);
			name = OneTimePasswordLegacyTests;
			productName = OneTimePasswordLegacyTests;
			productReference = C9A486B3196F352E00524F51 /* OneTimePasswordLegacyTests.xctest */;
			productType = "com.apple.product-type.bundle.unit-test";
		};
/* End PBXNativeTarget section */

/* Begin PBXProject section */
		C97C822F1946E51D00FD9F4C /* Project object */ = {
			isa = PBXProject;
			attributes = {
				LastSwiftMigration = 0700;
				LastSwiftUpdateCheck = 0700;
				LastUpgradeCheck = 0700;
				ORGANIZATIONNAME = "Matt Rubin";
				TargetAttributes = {
					C97C82371946E51D00FD9F4C = {
						CreatedOnToolsVersion = 6.0;
					};
					C97C82421946E51D00FD9F4C = {
						CreatedOnToolsVersion = 6.0;
						TestTargetID = C97C82371946E51D00FD9F4C;
					};
					C9A486A8196F352E00524F51 = {
						CreatedOnToolsVersion = 6.0;
					};
					C9A486B2196F352E00524F51 = {
						CreatedOnToolsVersion = 6.0;
						TestTargetID = C9A486A8196F352E00524F51;
					};
				};
			};
			buildConfigurationList = C97C82321946E51D00FD9F4C /* Build configuration list for PBXProject "OneTimePassword" */;
			compatibilityVersion = "Xcode 3.2";
			developmentRegion = English;
			hasScannedForEncodings = 0;
			knownRegions = (
				en,
			);
			mainGroup = C97C822E1946E51D00FD9F4C;
			productRefGroup = C97C82391946E51D00FD9F4C /* Products */;
			projectDirPath = "";
			projectRoot = "";
			targets = (
				C97C82371946E51D00FD9F4C /* OneTimePassword */,
				C97C82421946E51D00FD9F4C /* OneTimePasswordTests */,
				C9A486A8196F352E00524F51 /* OneTimePasswordLegacy */,
				C9A486B2196F352E00524F51 /* OneTimePasswordLegacyTests */,
			);
		};
/* End PBXProject section */

/* Begin PBXResourcesBuildPhase section */
		C97C82361946E51D00FD9F4C /* Resources */ = {
			isa = PBXResourcesBuildPhase;
			buildActionMask = 2147483647;
			files = (
			);
			runOnlyForDeploymentPostprocessing = 0;
		};
		C97C82411946E51D00FD9F4C /* Resources */ = {
			isa = PBXResourcesBuildPhase;
			buildActionMask = 2147483647;
			files = (
			);
			runOnlyForDeploymentPostprocessing = 0;
		};
		C9A486A7196F352E00524F51 /* Resources */ = {
			isa = PBXResourcesBuildPhase;
			buildActionMask = 2147483647;
			files = (
			);
			runOnlyForDeploymentPostprocessing = 0;
		};
		C9A486B1196F352E00524F51 /* Resources */ = {
			isa = PBXResourcesBuildPhase;
			buildActionMask = 2147483647;
			files = (
			);
			runOnlyForDeploymentPostprocessing = 0;
		};
/* End PBXResourcesBuildPhase section */

/* Begin PBXSourcesBuildPhase section */
		C97C82331946E51D00FD9F4C /* Sources */ = {
			isa = PBXSourcesBuildPhase;
			buildActionMask = 2147483647;
			files = (
				C93A251A196B1BA400F86892 /* Token.swift in Sources */,
				C9DC7EC8196BDF3B00B50C82 /* Generator.swift in Sources */,
				C9307A8519A8515300609B02 /* TokenSerializer.swift in Sources */,
				C94599CB19AB906300A77558 /* GeneratorFunctions.swift in Sources */,
				C9F5981B196E3E48002E4D0E /* TokenPersistence.swift in Sources */,
				C9003418196F7046009733E8 /* Keychain.swift in Sources */,
				C9DC7EC4196BD5DF00B50C82 /* Token.URLSerializer.swift in Sources */,
			);
			runOnlyForDeploymentPostprocessing = 0;
		};
		C97C823F1946E51D00FD9F4C /* Sources */ = {
			isa = PBXSourcesBuildPhase;
			buildActionMask = 2147483647;
			files = (
				C94B2007197774A20014A202 /* TokenTests.swift in Sources */,
				C95B10CC196D22B9000840AA /* GeneratorTests.swift in Sources */,
				C9290C301947D104008AE4DE /* TokenSerializationTests.swift in Sources */,
				C9B2A19C199A7F1B00BC4A8A /* EquatableTests.swift in Sources */,
			);
			runOnlyForDeploymentPostprocessing = 0;
		};
		C9A486A4196F352E00524F51 /* Sources */ = {
			isa = PBXSourcesBuildPhase;
			buildActionMask = 2147483647;
			files = (
				C9A486C4196F36E100524F51 /* OTPToken.swift in Sources */,
				C9A9B0981A81CE5D00F3C4DC /* Conversion.swift in Sources */,
			);
			runOnlyForDeploymentPostprocessing = 0;
		};
		C9A486AF196F352E00524F51 /* Sources */ = {
			isa = PBXSourcesBuildPhase;
			buildActionMask = 2147483647;
			files = (
				C9A486CB196F38D500524F51 /* NSString+PercentEncoding.m in Sources */,
				C9A486C6196F38C100524F51 /* OTPTokenGenerationTests.m in Sources */,
				C9A486C8196F38C800524F51 /* OTPTokenSerializationTests.m in Sources */,
				C9A486CA196F38D100524F51 /* NSDictionary+QueryString.m in Sources */,
				C9A486C9196F38CD00524F51 /* OTPTypeStrings.m in Sources */,
				C944A5951A809CC000E08B1E /* OTPTokenTests.m in Sources */,
				C9A486C7196F38C400524F51 /* OTPTokenPersistenceTests.m in Sources */,
			);
			runOnlyForDeploymentPostprocessing = 0;
		};
/* End PBXSourcesBuildPhase section */

/* Begin PBXTargetDependency section */
		C9003416196F6C83009733E8 /* PBXTargetDependency */ = {
			isa = PBXTargetDependency;
			target = C97C82371946E51D00FD9F4C /* OneTimePassword */;
			targetProxy = C9003415196F6C83009733E8 /* PBXContainerItemProxy */;
		};
		C97C82461946E51D00FD9F4C /* PBXTargetDependency */ = {
			isa = PBXTargetDependency;
			target = C97C82371946E51D00FD9F4C /* OneTimePassword */;
			targetProxy = C97C82451946E51D00FD9F4C /* PBXContainerItemProxy */;
		};
		C9A486B6196F352F00524F51 /* PBXTargetDependency */ = {
			isa = PBXTargetDependency;
			target = C9A486A8196F352E00524F51 /* OneTimePasswordLegacy */;
			targetProxy = C9A486B5196F352F00524F51 /* PBXContainerItemProxy */;
		};
		C9A486C3196F353000524F51 /* PBXTargetDependency */ = {
			isa = PBXTargetDependency;
			target = C9A486A8196F352E00524F51 /* OneTimePasswordLegacy */;
			targetProxy = C9A486C2196F353000524F51 /* PBXContainerItemProxy */;
		};
/* End PBXTargetDependency section */

/* Begin XCBuildConfiguration section */
		C97C824C1946E51D00FD9F4C /* Debug */ = {
			isa = XCBuildConfiguration;
			baseConfigurationReference = C996EC2C1A74D5830076B105 /* Debug.xcconfig */;
			buildSettings = {
				GCC_NO_COMMON_BLOCKS = YES;
				IPHONEOS_DEPLOYMENT_TARGET = 8.0;
				TARGETED_DEVICE_FAMILY = "1,2";
			};
			name = Debug;
		};
		C97C824D1946E51D00FD9F4C /* Release */ = {
			isa = XCBuildConfiguration;
			baseConfigurationReference = C996EC2E1A74D5830076B105 /* Release.xcconfig */;
			buildSettings = {
				GCC_NO_COMMON_BLOCKS = YES;
				IPHONEOS_DEPLOYMENT_TARGET = 8.0;
				TARGETED_DEVICE_FAMILY = "1,2";
			};
			name = Release;
		};
		C97C824F1946E51D00FD9F4C /* Debug */ = {
			isa = XCBuildConfiguration;
			baseConfigurationReference = C996EC371A74D5830076B105 /* iOS-Framework.xcconfig */;
			buildSettings = {
				DYLIB_COMPATIBILITY_VERSION = 1;
				DYLIB_CURRENT_VERSION = 1;
				INFOPLIST_FILE = OneTimePassword/Info.plist;
				PRODUCT_BUNDLE_IDENTIFIER = me.mattrubin.onetimepassword;
				PRODUCT_NAME = "$(TARGET_NAME)";
				SWIFT_INSTALL_OBJC_HEADER = NO;
				SWIFT_OBJC_BRIDGING_HEADER = "OneTimePassword/OneTimePassword-Bridging-Header.h";
			};
			name = Debug;
		};
		C97C82501946E51D00FD9F4C /* Release */ = {
			isa = XCBuildConfiguration;
			baseConfigurationReference = C996EC371A74D5830076B105 /* iOS-Framework.xcconfig */;
			buildSettings = {
				DYLIB_COMPATIBILITY_VERSION = 1;
				DYLIB_CURRENT_VERSION = 1;
				INFOPLIST_FILE = OneTimePassword/Info.plist;
				PRODUCT_BUNDLE_IDENTIFIER = me.mattrubin.onetimepassword;
				PRODUCT_NAME = "$(TARGET_NAME)";
				SWIFT_INSTALL_OBJC_HEADER = NO;
				SWIFT_OBJC_BRIDGING_HEADER = "OneTimePassword/OneTimePassword-Bridging-Header.h";
			};
			name = Release;
		};
		C97C82521946E51D00FD9F4C /* Debug */ = {
			isa = XCBuildConfiguration;
			baseConfigurationReference = C996EC351A74D5830076B105 /* iOS-Application.xcconfig */;
			buildSettings = {
				INFOPLIST_FILE = OneTimePasswordTests/Info.plist;
				PRODUCT_BUNDLE_IDENTIFIER = me.mattrubin.onetimepassword.tests;
				PRODUCT_NAME = "$(TARGET_NAME)";
			};
			name = Debug;
		};
		C97C82531946E51D00FD9F4C /* Release */ = {
			isa = XCBuildConfiguration;
			baseConfigurationReference = C996EC351A74D5830076B105 /* iOS-Application.xcconfig */;
			buildSettings = {
				INFOPLIST_FILE = OneTimePasswordTests/Info.plist;
				PRODUCT_BUNDLE_IDENTIFIER = me.mattrubin.onetimepassword.tests;
				PRODUCT_NAME = "$(TARGET_NAME)";
			};
			name = Release;
		};
		C9A486BC196F352F00524F51 /* Debug */ = {
			isa = XCBuildConfiguration;
			baseConfigurationReference = C996EC371A74D5830076B105 /* iOS-Framework.xcconfig */;
			buildSettings = {
				DYLIB_COMPATIBILITY_VERSION = 1;
				DYLIB_CURRENT_VERSION = 1;
				EMBEDDED_CONTENT_CONTAINS_SWIFT = YES;
				INFOPLIST_FILE = OneTimePasswordLegacy/Info.plist;
				PRODUCT_BUNDLE_IDENTIFIER = me.mattrubin.onetimepassword.legacy;
				PRODUCT_NAME = "$(TARGET_NAME)";
			};
			name = Debug;
		};
		C9A486BD196F352F00524F51 /* Release */ = {
			isa = XCBuildConfiguration;
			baseConfigurationReference = C996EC371A74D5830076B105 /* iOS-Framework.xcconfig */;
			buildSettings = {
				DYLIB_COMPATIBILITY_VERSION = 1;
				DYLIB_CURRENT_VERSION = 1;
				EMBEDDED_CONTENT_CONTAINS_SWIFT = YES;
				INFOPLIST_FILE = OneTimePasswordLegacy/Info.plist;
				PRODUCT_BUNDLE_IDENTIFIER = me.mattrubin.onetimepassword.legacy;
				PRODUCT_NAME = "$(TARGET_NAME)";
			};
			name = Release;
		};
		C9A486BE196F352F00524F51 /* Debug */ = {
			isa = XCBuildConfiguration;
			baseConfigurationReference = C996EC351A74D5830076B105 /* iOS-Application.xcconfig */;
			buildSettings = {
				INFOPLIST_FILE = OneTimePasswordLegacyTests/Info.plist;
				PRODUCT_BUNDLE_IDENTIFIER = me.mattrubin.onetimepassword.legacy.tests;
				PRODUCT_NAME = "$(TARGET_NAME)";
			};
			name = Debug;
		};
		C9A486BF196F352F00524F51 /* Release */ = {
			isa = XCBuildConfiguration;
			baseConfigurationReference = C996EC351A74D5830076B105 /* iOS-Application.xcconfig */;
			buildSettings = {
				INFOPLIST_FILE = OneTimePasswordLegacyTests/Info.plist;
				PRODUCT_BUNDLE_IDENTIFIER = me.mattrubin.onetimepassword.legacy.tests;
				PRODUCT_NAME = "$(TARGET_NAME)";
			};
			name = Release;
		};
/* End XCBuildConfiguration section */

/* Begin XCConfigurationList section */
		C97C82321946E51D00FD9F4C /* Build configuration list for PBXProject "OneTimePassword" */ = {
			isa = XCConfigurationList;
			buildConfigurations = (
				C97C824C1946E51D00FD9F4C /* Debug */,
				C97C824D1946E51D00FD9F4C /* Release */,
			);
			defaultConfigurationIsVisible = 0;
			defaultConfigurationName = Release;
		};
		C97C824E1946E51D00FD9F4C /* Build configuration list for PBXNativeTarget "OneTimePassword" */ = {
			isa = XCConfigurationList;
			buildConfigurations = (
				C97C824F1946E51D00FD9F4C /* Debug */,
				C97C82501946E51D00FD9F4C /* Release */,
			);
			defaultConfigurationIsVisible = 0;
			defaultConfigurationName = Release;
		};
		C97C82511946E51D00FD9F4C /* Build configuration list for PBXNativeTarget "OneTimePasswordTests" */ = {
			isa = XCConfigurationList;
			buildConfigurations = (
				C97C82521946E51D00FD9F4C /* Debug */,
				C97C82531946E51D00FD9F4C /* Release */,
			);
			defaultConfigurationIsVisible = 0;
			defaultConfigurationName = Release;
		};
		C9A486C0196F352F00524F51 /* Build configuration list for PBXNativeTarget "OneTimePasswordLegacy" */ = {
			isa = XCConfigurationList;
			buildConfigurations = (
				C9A486BC196F352F00524F51 /* Debug */,
				C9A486BD196F352F00524F51 /* Release */,
			);
			defaultConfigurationIsVisible = 0;
			defaultConfigurationName = Release;
		};
		C9A486C1196F352F00524F51 /* Build configuration list for PBXNativeTarget "OneTimePasswordLegacyTests" */ = {
			isa = XCConfigurationList;
			buildConfigurations = (
				C9A486BE196F352F00524F51 /* Debug */,
				C9A486BF196F352F00524F51 /* Release */,
			);
			defaultConfigurationIsVisible = 0;
			defaultConfigurationName = Release;
		};
/* End XCConfigurationList section */
	};
	rootObject = C97C822F1946E51D00FD9F4C /* Project object */;
}
